
Microsoft Visual Studio Solution File, Format Version 12.00
# Visual Studio Version 17
VisualStudioVersion = 17.4.33103.184
MinimumVisualStudioVersion = 10.0.40219.1
Project("{9A19103F-16F7-4668-BE54-9A1E7A4F7556}") = "Interval", "Interval\Interval.csproj", "{294BFE16-4440-4C43-9153-C734842DCA43}"
EndProject
Global
	GlobalSection(SolutionConfigurationPlatforms) = preSolution
		Debug|Any CPU = Debug|Any CPU
		Release|Any CPU = Release|Any CPU
	EndGlobalSection
	GlobalSection(ProjectConfigurationPlatforms) = postSolution
		{294BFE16-4440-4C43-9153-C734842DCA43}.Debug|Any CPU.ActiveCfg = Debug|Any CPU
		{294BFE16-4440-4C43-9153-C734842DCA43}.Debug|Any CPU.Build.0 = Debug|Any CPU
		{294BFE16-4440-4C43-9153-C734842DCA43}.Release|Any CPU.ActiveCfg = Release|Any CPU
		{294BFE16-4440-4C43-9153-C734842DCA43}.Release|Any CPU.Build.0 = Release|Any CPU
	EndGlobalSection
	GlobalSection(SolutionProperties) = preSolution
		HideSolutionNode = FALSE
	EndGlobalSection
	GlobalSection(ExtensibilityGlobals) = postSolution
		SolutionGuid = {7281476F-84BF-4C21-A695-330D7A948D61}
	EndGlobalSection
EndGlobal
